
Microsoft Visual Studio Solution File, Format Version 12.00
# Visual Studio Version 17
VisualStudioVersion = 17.11.35222.181
MinimumVisualStudioVersion = 10.0.40219.1
Project("{FAE04EC0-301F-11D3-BF4B-00C04F79EFBC}") = "12a", "12a\12a.csproj", "{ECFA2ADB-2E01-45AC-A26B-8DD958461A69}"
EndProject
Global
	GlobalSection(SolutionConfigurationPlatforms) = preSolution
		Debug|Any CPU = Debug|Any CPU
		Release|Any CPU = Release|Any CPU
	EndGlobalSection
	GlobalSection(ProjectConfigurationPlatforms) = postSolution
		{ECFA2ADB-2E01-45AC-A26B-8DD958461A69}.Debug|Any CPU.ActiveCfg = Debug|Any CPU
		{ECFA2ADB-2E01-45AC-A26B-8DD958461A69}.Debug|Any CPU.Build.0 = Debug|Any CPU
		{ECFA2ADB-2E01-45AC-A26B-8DD958461A69}.Release|Any CPU.ActiveCfg = Release|Any CPU
		{ECFA2ADB-2E01-45AC-A26B-8DD958461A69}.Release|Any CPU.Build.0 = Release|Any CPU
	EndGlobalSection
	GlobalSection(SolutionProperties) = preSolution
		HideSolutionNode = FALSE
	EndGlobalSection
	GlobalSection(ExtensibilityGlobals) = postSolution
		SolutionGuid = {A76ECD90-AEA4-4F7E-A4D1-32B4AECF7B53}
	EndGlobalSection
EndGlobal
